
Microsoft Visual Studio Solution File, Format Version 12.00
# Visual Studio Version 17
VisualStudioVersion = 17.0.31903.59
MinimumVisualStudioVersion = 10.0.40219.1
Project("{FAE04EC0-301F-11D3-BF4B-00C04F79EFBC}") = "Customer", "Customer\Customer.csproj", "{2B6F967B-9CB0-4FE3-BFA1-42470A4DD0A5}"
EndProject
Project("{FAE04EC0-301F-11D3-BF4B-00C04F79EFBC}") = "Order", "Order\Order.csproj", "{377AA208-B37C-40A8-8E35-4F6241F76C96}"
EndProject
Project("{FAE04EC0-301F-11D3-BF4B-00C04F79EFBC}") = "GatewayApi", "GatewayApi\GatewayApi.csproj", "{40F439D3-8A24-4C0D-92F6-6888F9843934}"
EndProject
Global
	GlobalSection(SolutionConfigurationPlatforms) = preSolution
		Debug|Any CPU = Debug|Any CPU
		Release|Any CPU = Release|Any CPU
	EndGlobalSection
	GlobalSection(SolutionProperties) = preSolution
		HideSolutionNode = FALSE
	EndGlobalSection
	GlobalSection(ProjectConfigurationPlatforms) = postSolution
		{2B6F967B-9CB0-4FE3-BFA1-42470A4DD0A5}.Debug|Any CPU.ActiveCfg = Debug|Any CPU
		{2B6F967B-9CB0-4FE3-BFA1-42470A4DD0A5}.Debug|Any CPU.Build.0 = Debug|Any CPU
		{2B6F967B-9CB0-4FE3-BFA1-42470A4DD0A5}.Release|Any CPU.ActiveCfg = Release|Any CPU
		{2B6F967B-9CB0-4FE3-BFA1-42470A4DD0A5}.Release|Any CPU.Build.0 = Release|Any CPU
		{377AA208-B37C-40A8-8E35-4F6241F76C96}.Debug|Any CPU.ActiveCfg = Debug|Any CPU
		{377AA208-B37C-40A8-8E35-4F6241F76C96}.Debug|Any CPU.Build.0 = Debug|Any CPU
		{377AA208-B37C-40A8-8E35-4F6241F76C96}.Release|Any CPU.ActiveCfg = Release|Any CPU
		{377AA208-B37C-40A8-8E35-4F6241F76C96}.Release|Any CPU.Build.0 = Release|Any CPU
		{40F439D3-8A24-4C0D-92F6-6888F9843934}.Debug|Any CPU.ActiveCfg = Debug|Any CPU
		{40F439D3-8A24-4C0D-92F6-6888F9843934}.Debug|Any CPU.Build.0 = Debug|Any CPU
		{40F439D3-8A24-4C0D-92F6-6888F9843934}.Release|Any CPU.ActiveCfg = Release|Any CPU
		{40F439D3-8A24-4C0D-92F6-6888F9843934}.Release|Any CPU.Build.0 = Release|Any CPU
	EndGlobalSection
EndGlobal
