
Microsoft Visual Studio Solution File, Format Version 12.00
# Visual Studio Version 17
VisualStudioVersion = 17.5.002.0
MinimumVisualStudioVersion = 10.0.40219.1
Project("{9A19103F-16F7-4668-BE54-9A1E7A4F7556}") = "ExecaoTryCatFinaly", "ExecaoTryCatFinaly.csproj", "{A44202FA-21C3-4019-9D7E-C22221925977}"
EndProject
Global
	GlobalSection(SolutionConfigurationPlatforms) = preSolution
		Debug|Any CPU = Debug|Any CPU
		Release|Any CPU = Release|Any CPU
	EndGlobalSection
	GlobalSection(ProjectConfigurationPlatforms) = postSolution
		{A44202FA-21C3-4019-9D7E-C22221925977}.Debug|Any CPU.ActiveCfg = Debug|Any CPU
		{A44202FA-21C3-4019-9D7E-C22221925977}.Debug|Any CPU.Build.0 = Debug|Any CPU
		{A44202FA-21C3-4019-9D7E-C22221925977}.Release|Any CPU.ActiveCfg = Release|Any CPU
		{A44202FA-21C3-4019-9D7E-C22221925977}.Release|Any CPU.Build.0 = Release|Any CPU
	EndGlobalSection
	GlobalSection(SolutionProperties) = preSolution
		HideSolutionNode = FALSE
	EndGlobalSection
	GlobalSection(ExtensibilityGlobals) = postSolution
		SolutionGuid = {D00B37C5-A09A-475E-92A1-F40021E1289B}
	EndGlobalSection
EndGlobal
