
Microsoft Visual Studio Solution File, Format Version 12.00
# Visual Studio Version 17
VisualStudioVersion = 17.5.002.0
MinimumVisualStudioVersion = 10.0.40219.1
Project("{9A19103F-16F7-4668-BE54-9A1E7A4F7556}") = "ApiFilterExample", "ApiFilterExample.csproj", "{4A44ECA1-5A17-4988-94D0-DE22E09A4E00}"
EndProject
Global
	GlobalSection(SolutionConfigurationPlatforms) = preSolution
		Debug|Any CPU = Debug|Any CPU
		Release|Any CPU = Release|Any CPU
	EndGlobalSection
	GlobalSection(ProjectConfigurationPlatforms) = postSolution
		{4A44ECA1-5A17-4988-94D0-DE22E09A4E00}.Debug|Any CPU.ActiveCfg = Debug|Any CPU
		{4A44ECA1-5A17-4988-94D0-DE22E09A4E00}.Debug|Any CPU.Build.0 = Debug|Any CPU
		{4A44ECA1-5A17-4988-94D0-DE22E09A4E00}.Release|Any CPU.ActiveCfg = Release|Any CPU
		{4A44ECA1-5A17-4988-94D0-DE22E09A4E00}.Release|Any CPU.Build.0 = Release|Any CPU
	EndGlobalSection
	GlobalSection(SolutionProperties) = preSolution
		HideSolutionNode = FALSE
	EndGlobalSection
	GlobalSection(ExtensibilityGlobals) = postSolution
		SolutionGuid = {EC4A0ABB-4C5E-4FC4-B58E-99E92A5324C3}
	EndGlobalSection
EndGlobal
