
Microsoft Visual Studio Solution File, Format Version 12.00
# Visual Studio Version 17
VisualStudioVersion = 17.5.002.0
MinimumVisualStudioVersion = 10.0.40219.1
Project("{9A19103F-16F7-4668-BE54-9A1E7A4F7556}") = "FirstApi.Test", "FirstApi.Test.csproj", "{52B455B2-A69C-4BA3-8044-523BEA46B3EE}"
EndProject
Global
	GlobalSection(SolutionConfigurationPlatforms) = preSolution
		Debug|Any CPU = Debug|Any CPU
		Release|Any CPU = Release|Any CPU
	EndGlobalSection
	GlobalSection(ProjectConfigurationPlatforms) = postSolution
		{52B455B2-A69C-4BA3-8044-523BEA46B3EE}.Debug|Any CPU.ActiveCfg = Debug|Any CPU
		{52B455B2-A69C-4BA3-8044-523BEA46B3EE}.Debug|Any CPU.Build.0 = Debug|Any CPU
		{52B455B2-A69C-4BA3-8044-523BEA46B3EE}.Release|Any CPU.ActiveCfg = Release|Any CPU
		{52B455B2-A69C-4BA3-8044-523BEA46B3EE}.Release|Any CPU.Build.0 = Release|Any CPU
	EndGlobalSection
	GlobalSection(SolutionProperties) = preSolution
		HideSolutionNode = FALSE
	EndGlobalSection
	GlobalSection(ExtensibilityGlobals) = postSolution
		SolutionGuid = {961AFBCB-9BD6-4A06-A892-4BA8C7C914EF}
	EndGlobalSection
EndGlobal
