
Microsoft Visual Studio Solution File, Format Version 12.00
# Visual Studio Version 17
VisualStudioVersion = 17.5.002.0
MinimumVisualStudioVersion = 10.0.40219.1
Project("{9A19103F-16F7-4668-BE54-9A1E7A4F7556}") = "LambdaExpressions", "LambdaExpressions.csproj", "{9CB2AB45-1B40-4805-A010-72BA77A6065B}"
EndProject
Global
	GlobalSection(SolutionConfigurationPlatforms) = preSolution
		Debug|Any CPU = Debug|Any CPU
		Release|Any CPU = Release|Any CPU
	EndGlobalSection
	GlobalSection(ProjectConfigurationPlatforms) = postSolution
		{9CB2AB45-1B40-4805-A010-72BA77A6065B}.Debug|Any CPU.ActiveCfg = Debug|Any CPU
		{9CB2AB45-1B40-4805-A010-72BA77A6065B}.Debug|Any CPU.Build.0 = Debug|Any CPU
		{9CB2AB45-1B40-4805-A010-72BA77A6065B}.Release|Any CPU.ActiveCfg = Release|Any CPU
		{9CB2AB45-1B40-4805-A010-72BA77A6065B}.Release|Any CPU.Build.0 = Release|Any CPU
	EndGlobalSection
	GlobalSection(SolutionProperties) = preSolution
		HideSolutionNode = FALSE
	EndGlobalSection
	GlobalSection(ExtensibilityGlobals) = postSolution
		SolutionGuid = {359A8778-451A-436C-90D8-A8A1E639481D}
	EndGlobalSection
EndGlobal
