
Microsoft Visual Studio Solution File, Format Version 12.00
# Visual Studio Version 17
VisualStudioVersion = 17.5.002.0
MinimumVisualStudioVersion = 10.0.40219.1
Project("{9A19103F-16F7-4668-BE54-9A1E7A4F7556}") = "ProductApi", "ProductApi.csproj", "{830638A3-5D8A-4D2A-BA2B-E2629595B8DD}"
EndProject
Global
	GlobalSection(SolutionConfigurationPlatforms) = preSolution
		Debug|Any CPU = Debug|Any CPU
		Release|Any CPU = Release|Any CPU
	EndGlobalSection
	GlobalSection(ProjectConfigurationPlatforms) = postSolution
		{830638A3-5D8A-4D2A-BA2B-E2629595B8DD}.Debug|Any CPU.ActiveCfg = Debug|Any CPU
		{830638A3-5D8A-4D2A-BA2B-E2629595B8DD}.Debug|Any CPU.Build.0 = Debug|Any CPU
		{830638A3-5D8A-4D2A-BA2B-E2629595B8DD}.Release|Any CPU.ActiveCfg = Release|Any CPU
		{830638A3-5D8A-4D2A-BA2B-E2629595B8DD}.Release|Any CPU.Build.0 = Release|Any CPU
	EndGlobalSection
	GlobalSection(SolutionProperties) = preSolution
		HideSolutionNode = FALSE
	EndGlobalSection
	GlobalSection(ExtensibilityGlobals) = postSolution
		SolutionGuid = {4F318892-B9E8-449F-AB70-23193A162201}
	EndGlobalSection
EndGlobal
