
Microsoft Visual Studio Solution File, Format Version 12.00
# Visual Studio Version 17
VisualStudioVersion = 17.5.002.0
MinimumVisualStudioVersion = 10.0.40219.1
Project("{9A19103F-16F7-4668-BE54-9A1E7A4F7556}") = "MyExpenses", "MyExpenses.csproj", "{447BB6F1-EF8C-41A3-B71F-6FBA0DE747C6}"
EndProject
Global
	GlobalSection(SolutionConfigurationPlatforms) = preSolution
		Debug|Any CPU = Debug|Any CPU
		Release|Any CPU = Release|Any CPU
	EndGlobalSection
	GlobalSection(ProjectConfigurationPlatforms) = postSolution
		{447BB6F1-EF8C-41A3-B71F-6FBA0DE747C6}.Debug|Any CPU.ActiveCfg = Debug|Any CPU
		{447BB6F1-EF8C-41A3-B71F-6FBA0DE747C6}.Debug|Any CPU.Build.0 = Debug|Any CPU
		{447BB6F1-EF8C-41A3-B71F-6FBA0DE747C6}.Release|Any CPU.ActiveCfg = Release|Any CPU
		{447BB6F1-EF8C-41A3-B71F-6FBA0DE747C6}.Release|Any CPU.Build.0 = Release|Any CPU
	EndGlobalSection
	GlobalSection(SolutionProperties) = preSolution
		HideSolutionNode = FALSE
	EndGlobalSection
	GlobalSection(ExtensibilityGlobals) = postSolution
		SolutionGuid = {CBEAD114-B850-42A5-9172-679457CF371B}
	EndGlobalSection
EndGlobal
